{
  "name": "libdatadog-nodejs",
  "version": "0.1.0",
  "lockfileVersion": 2,
  "requires": true,
  "packages": {
    "": {
      "name": "libdatadog-nodejs",
      "version": "0.1.0",
      "license": "ISC",
      "dependencies": {
        "node-gyp-build": "^3.9.0"
      },
      "devDependencies": {
        "cargo-cp-artifact": "^0.1"
      }
    },
    "node_modules/cargo-cp-artifact": {
      "version": "0.1.8",
      "resolved": "https://registry.npmjs.org/cargo-cp-artifact/-/cargo-cp-artifact-0.1.8.tgz",
      "integrity": "sha512-3j4DaoTrsCD1MRkTF2Soacii0Nx7UHCce0EwUf4fHnggwiE4fbmF2AbnfzayR36DF8KGadfh7M/Yfy625kgPlA==",
      "dev": true,
      "bin": {
        "cargo-cp-artifact": "bin/cargo-cp-artifact.js"
      }
    },
    "node_modules/node-gyp-build": {
      "version": "3.9.0",
      "resolved": "https://registry.npmjs.org/node-gyp-build/-/node-gyp-build-3.9.0.tgz",
      "integrity": "sha512-zLcTg6P4AbcHPq465ZMFNXx7XpKKJh+7kkN699NiQWisR2uWYOWNWqRHAmbnmKiL4e9aLSlmy5U7rEMUXV59+A==",
      "bin": {
        "node-gyp-build": "bin.js",
        "node-gyp-build-optional": "optional.js",
        "node-gyp-build-test": "build-test.js"
      }
    }
  },
  "dependencies": {
    "cargo-cp-artifact": {
      "version": "0.1.8",
      "resolved": "https://registry.npmjs.org/cargo-cp-artifact/-/cargo-cp-artifact-0.1.8.tgz",
      "integrity": "sha512-3j4DaoTrsCD1MRkTF2Soacii0Nx7UHCce0EwUf4fHnggwiE4fbmF2AbnfzayR36DF8KGadfh7M/Yfy625kgPlA==",
      "dev": true
    },
    "node-gyp-build": {
      "version": "3.9.0",
      "resolved": "https://registry.npmjs.org/node-gyp-build/-/node-gyp-build-3.9.0.tgz",
      "integrity": "sha512-zLcTg6P4AbcHPq465ZMFNXx7XpKKJh+7kkN699NiQWisR2uWYOWNWqRHAmbnmKiL4e9aLSlmy5U7rEMUXV59+A=="
    }
  }
}
