# This file is generated by running "yarn install" inside your project.
# Manual changes might be lost - proceed with caution!

__metadata:
  version: 8
  cacheKey: 10c0

"@babel/helper-validator-identifier@npm:^7.28.5":
  version: 7.28.5
  resolution: "@babel/helper-validator-identifier@npm:7.28.5"
  checksum: 10c0/42aaebed91f739a41f3d80b72752d1f95fd7c72394e8e4bd7cdd88817e0774d80a432451bcba17c2c642c257c483bf1d409dd4548883429ea9493a3bc4ab0847
  languageName: node
  linkType: hard

"@datadog/libdatadog@workspace:.":
  version: 0.0.0-use.local
  resolution: "@datadog/libdatadog@workspace:."
  dependencies:
    "@eslint/js": "npm:^10.0.1"
    "@stylistic/eslint-plugin": "npm:^5.9.0"
    eslint: "npm:^10.0.2"
    eslint-plugin-import-x: "npm:^4.12.2"
    eslint-plugin-n: "npm:^17.24.0"
    eslint-plugin-unicorn: "npm:^63.0.0"
    globals: "npm:^17.4.0"
  languageName: unknown
  linkType: soft

"@emnapi/core@npm:^1.4.3":
  version: 1.8.1
  resolution: "@emnapi/core@npm:1.8.1"
  dependencies:
    "@emnapi/wasi-threads": "npm:1.1.0"
    tslib: "npm:^2.4.0"
  checksum: 10c0/2c242f4b49779bac403e1cbcc98edacdb1c8ad36562408ba9a20663824669e930bc8493be46a2522d9dc946b8d96cd7073970bae914928c7671b5221c85b432e
  languageName: node
  linkType: hard

"@emnapi/runtime@npm:^1.4.3":
  version: 1.8.1
  resolution: "@emnapi/runtime@npm:1.8.1"
  dependencies:
    tslib: "npm:^2.4.0"
  checksum: 10c0/f4929d75e37aafb24da77d2f58816761fe3f826aad2e37fa6d4421dac9060cbd5098eea1ac3c9ecc4526b89deb58153852fa432f87021dc57863f2ff726d713f
  languageName: node
  linkType: hard

"@emnapi/wasi-threads@npm:1.1.0":
  version: 1.1.0
  resolution: "@emnapi/wasi-threads@npm:1.1.0"
  dependencies:
    tslib: "npm:^2.4.0"
  checksum: 10c0/e6d54bf2b1e64cdd83d2916411e44e579b6ae35d5def0dea61a3c452d9921373044dff32a8b8473ae60c80692bdc39323e98b96a3f3d87ba6886b24dd0ef7ca1
  languageName: node
  linkType: hard

"@eslint-community/eslint-utils@npm:^4.1.2, @eslint-community/eslint-utils@npm:^4.5.0, @eslint-community/eslint-utils@npm:^4.8.0, @eslint-community/eslint-utils@npm:^4.9.0, @eslint-community/eslint-utils@npm:^4.9.1":
  version: 4.9.1
  resolution: "@eslint-community/eslint-utils@npm:4.9.1"
  dependencies:
    eslint-visitor-keys: "npm:^3.4.3"
  peerDependencies:
    eslint: ^6.0.0 || ^7.0.0 || >=8.0.0
  checksum: 10c0/dc4ab5e3e364ef27e33666b11f4b86e1a6c1d7cbf16f0c6ff87b1619b3562335e9201a3d6ce806221887ff780ec9d828962a290bb910759fd40a674686503f02
  languageName: node
  linkType: hard

"@eslint-community/regexpp@npm:^4.11.0, @eslint-community/regexpp@npm:^4.12.2":
  version: 4.12.2
  resolution: "@eslint-community/regexpp@npm:4.12.2"
  checksum: 10c0/fddcbc66851b308478d04e302a4d771d6917a0b3740dc351513c0da9ca2eab8a1adf99f5e0aa7ab8b13fa0df005c81adeee7e63a92f3effd7d367a163b721c2d
  languageName: node
  linkType: hard

"@eslint/config-array@npm:^0.23.3":
  version: 0.23.3
  resolution: "@eslint/config-array@npm:0.23.3"
  dependencies:
    "@eslint/object-schema": "npm:^3.0.3"
    debug: "npm:^4.3.1"
    minimatch: "npm:^10.2.4"
  checksum: 10c0/7c19027acf9110cc542513ff9f3ca73a61d127e900c24f0e8e4d5e18aa22baf08d1d5bc386563d2f9311095f3b7898fe9b627b590fe9232b745ef60d4443cf9f
  languageName: node
  linkType: hard

"@eslint/config-helpers@npm:^0.5.2":
  version: 0.5.3
  resolution: "@eslint/config-helpers@npm:0.5.3"
  dependencies:
    "@eslint/core": "npm:^1.1.1"
  checksum: 10c0/c836476e839a79dcdc9f7e0013057cfe0341162180d50e5a08668edb4b4b6c520a3174011469f6ef02efd2affd092263c020e89d0a3452c801427b0ac003549a
  languageName: node
  linkType: hard

"@eslint/core@npm:^1.1.1":
  version: 1.1.1
  resolution: "@eslint/core@npm:1.1.1"
  dependencies:
    "@types/json-schema": "npm:^7.0.15"
  checksum: 10c0/129c654c78afc1f6d61dccb0ce841be667f09f052f7d5642614b6ba5eeebd579ca6cc336d7b750d88625e61f7aad22fdd62bf83847fbfc10cc3e58cfe6c5072e
  languageName: node
  linkType: hard

"@eslint/js@npm:^10.0.1":
  version: 10.0.1
  resolution: "@eslint/js@npm:10.0.1"
  peerDependencies:
    eslint: ^10.0.0
  peerDependenciesMeta:
    eslint:
      optional: true
  checksum: 10c0/9f3fcaf71ba7fdf65d82e8faad6ecfe97e11801cc3c362b306a88ea1ed1344ae0d35330dddb0e8ad18f010f6687a70b75491b9e01c8af57acd7987cee6b3ec6c
  languageName: node
  linkType: hard

"@eslint/object-schema@npm:^3.0.3":
  version: 3.0.3
  resolution: "@eslint/object-schema@npm:3.0.3"
  checksum: 10c0/4abbb7cba5419dce46ae8aa8e979fa190f2e906a8e1b5a8e22e4489f62a68dea3967679f66acbc0c3ef89f33252a7460e39fc2d6f2b4f616a137f3514eda4784
  languageName: node
  linkType: hard

"@eslint/plugin-kit@npm:^0.6.1":
  version: 0.6.1
  resolution: "@eslint/plugin-kit@npm:0.6.1"
  dependencies:
    "@eslint/core": "npm:^1.1.1"
    levn: "npm:^0.4.1"
  checksum: 10c0/f8354a7b92cc41e7a55d51986d192134be84f9dc0c91b5e649d075d733b56981c4ca8bf4460d54120c4c87b47984167bad2cb9bceb303f11b0a3bad22b3ed06a
  languageName: node
  linkType: hard

"@humanfs/core@npm:^0.19.1":
  version: 0.19.1
  resolution: "@humanfs/core@npm:0.19.1"
  checksum: 10c0/aa4e0152171c07879b458d0e8a704b8c3a89a8c0541726c6b65b81e84fd8b7564b5d6c633feadc6598307d34564bd53294b533491424e8e313d7ab6c7bc5dc67
  languageName: node
  linkType: hard

"@humanfs/node@npm:^0.16.6":
  version: 0.16.7
  resolution: "@humanfs/node@npm:0.16.7"
  dependencies:
    "@humanfs/core": "npm:^0.19.1"
    "@humanwhocodes/retry": "npm:^0.4.0"
  checksum: 10c0/9f83d3cf2cfa37383e01e3cdaead11cd426208e04c44adcdd291aa983aaf72d7d3598844d2fe9ce54896bb1bf8bd4b56883376611c8905a19c44684642823f30
  languageName: node
  linkType: hard

"@humanwhocodes/module-importer@npm:^1.0.1":
  version: 1.0.1
  resolution: "@humanwhocodes/module-importer@npm:1.0.1"
  checksum: 10c0/909b69c3b86d482c26b3359db16e46a32e0fb30bd306a3c176b8313b9e7313dba0f37f519de6aa8b0a1921349e505f259d19475e123182416a506d7f87e7f529
  languageName: node
  linkType: hard

"@humanwhocodes/retry@npm:^0.4.0, @humanwhocodes/retry@npm:^0.4.2":
  version: 0.4.3
  resolution: "@humanwhocodes/retry@npm:0.4.3"
  checksum: 10c0/3775bb30087d4440b3f7406d5a057777d90e4b9f435af488a4923ef249e93615fb78565a85f173a186a076c7706a81d0d57d563a2624e4de2c5c9c66c486ce42
  languageName: node
  linkType: hard

"@napi-rs/wasm-runtime@npm:^0.2.11":
  version: 0.2.12
  resolution: "@napi-rs/wasm-runtime@npm:0.2.12"
  dependencies:
    "@emnapi/core": "npm:^1.4.3"
    "@emnapi/runtime": "npm:^1.4.3"
    "@tybys/wasm-util": "npm:^0.10.0"
  checksum: 10c0/6d07922c0613aab30c6a497f4df297ca7c54e5b480e00035e0209b872d5c6aab7162fc49477267556109c2c7ed1eb9c65a174e27e9b87568106a87b0a6e3ca7d
  languageName: node
  linkType: hard

"@package-json/types@npm:^0.0.12":
  version: 0.0.12
  resolution: "@package-json/types@npm:0.0.12"
  checksum: 10c0/d9bba086efe7b9901f02f1cff7a68ab23269aeddfb7ee92a16930e219f705bfc188b9fec2dd47265033dbda45ed1514d8a46f46363f38f1ad56bc993754126da
  languageName: node
  linkType: hard

"@stylistic/eslint-plugin@npm:^5.9.0":
  version: 5.10.0
  resolution: "@stylistic/eslint-plugin@npm:5.10.0"
  dependencies:
    "@eslint-community/eslint-utils": "npm:^4.9.1"
    "@typescript-eslint/types": "npm:^8.56.0"
    eslint-visitor-keys: "npm:^4.2.1"
    espree: "npm:^10.4.0"
    estraverse: "npm:^5.3.0"
    picomatch: "npm:^4.0.3"
  peerDependencies:
    eslint: ^9.0.0 || ^10.0.0
  checksum: 10c0/2cc6e592d5b2ab691290cc39ed377c0f6226667b367ffc6a0bf3a4bf6dd36b011d17c83f377600a48946f6bb037390b35a8b3c273b3c40d161c00b44512a129e
  languageName: node
  linkType: hard

"@tybys/wasm-util@npm:^0.10.0":
  version: 0.10.1
  resolution: "@tybys/wasm-util@npm:0.10.1"
  dependencies:
    tslib: "npm:^2.4.0"
  checksum: 10c0/b255094f293794c6d2289300c5fbcafbb5532a3aed3a5ffd2f8dc1828e639b88d75f6a376dd8f94347a44813fd7a7149d8463477a9a49525c8b2dcaa38c2d1e8
  languageName: node
  linkType: hard

"@types/esrecurse@npm:^4.3.1":
  version: 4.3.1
  resolution: "@types/esrecurse@npm:4.3.1"
  checksum: 10c0/90dad74d5da3ad27606d8e8e757322f33171cfeaa15ad558b615cf71bb2a516492d18f55f4816384685a3eb2412142e732bbae9a4a7cd2cf3deb7572aa4ebe03
  languageName: node
  linkType: hard

"@types/estree@npm:^1.0.6, @types/estree@npm:^1.0.8":
  version: 1.0.8
  resolution: "@types/estree@npm:1.0.8"
  checksum: 10c0/39d34d1afaa338ab9763f37ad6066e3f349444f9052b9676a7cc0252ef9485a41c6d81c9c4e0d26e9077993354edf25efc853f3224dd4b447175ef62bdcc86a5
  languageName: node
  linkType: hard

"@types/json-schema@npm:^7.0.15":
  version: 7.0.15
  resolution: "@types/json-schema@npm:7.0.15"
  checksum: 10c0/a996a745e6c5d60292f36731dd41341339d4eeed8180bb09226e5c8d23759067692b1d88e5d91d72ee83dfc00d3aca8e7bd43ea120516c17922cbcb7c3e252db
  languageName: node
  linkType: hard

"@typescript-eslint/types@npm:^8.56.0":
  version: 8.57.0
  resolution: "@typescript-eslint/types@npm:8.57.0"
  checksum: 10c0/69eb21a9a550f17ce9445b7bfab9099d6a43fa33f79506df966793077d73423dad7612f33a7efb1e09f4403a889ba6b7a44987cf3e6fea0e63a373022226bc68
  languageName: node
  linkType: hard

"@unrs/resolver-binding-android-arm-eabi@npm:1.11.1":
  version: 1.11.1
  resolution: "@unrs/resolver-binding-android-arm-eabi@npm:1.11.1"
  conditions: os=android & cpu=arm
  languageName: node
  linkType: hard

"@unrs/resolver-binding-android-arm64@npm:1.11.1":
  version: 1.11.1
  resolution: "@unrs/resolver-binding-android-arm64@npm:1.11.1"
  conditions: os=android & cpu=arm64
  languageName: node
  linkType: hard

"@unrs/resolver-binding-darwin-arm64@npm:1.11.1":
  version: 1.11.1
  resolution: "@unrs/resolver-binding-darwin-arm64@npm:1.11.1"
  conditions: os=darwin & cpu=arm64
  languageName: node
  linkType: hard

"@unrs/resolver-binding-darwin-x64@npm:1.11.1":
  version: 1.11.1
  resolution: "@unrs/resolver-binding-darwin-x64@npm:1.11.1"
  conditions: os=darwin & cpu=x64
  languageName: node
  linkType: hard

"@unrs/resolver-binding-freebsd-x64@npm:1.11.1":
  version: 1.11.1
  resolution: "@unrs/resolver-binding-freebsd-x64@npm:1.11.1"
  conditions: os=freebsd & cpu=x64
  languageName: node
  linkType: hard

"@unrs/resolver-binding-linux-arm-gnueabihf@npm:1.11.1":
  version: 1.11.1
  resolution: "@unrs/resolver-binding-linux-arm-gnueabihf@npm:1.11.1"
  conditions: os=linux & cpu=arm
  languageName: node
  linkType: hard

"@unrs/resolver-binding-linux-arm-musleabihf@npm:1.11.1":
  version: 1.11.1
  resolution: "@unrs/resolver-binding-linux-arm-musleabihf@npm:1.11.1"
  conditions: os=linux & cpu=arm
  languageName: node
  linkType: hard

"@unrs/resolver-binding-linux-arm64-gnu@npm:1.11.1":
  version: 1.11.1
  resolution: "@unrs/resolver-binding-linux-arm64-gnu@npm:1.11.1"
  conditions: os=linux & cpu=arm64 & libc=glibc
  languageName: node
  linkType: hard

"@unrs/resolver-binding-linux-arm64-musl@npm:1.11.1":
  version: 1.11.1
  resolution: "@unrs/resolver-binding-linux-arm64-musl@npm:1.11.1"
  conditions: os=linux & cpu=arm64 & libc=musl
  languageName: node
  linkType: hard

"@unrs/resolver-binding-linux-ppc64-gnu@npm:1.11.1":
  version: 1.11.1
  resolution: "@unrs/resolver-binding-linux-ppc64-gnu@npm:1.11.1"
  conditions: os=linux & cpu=ppc64 & libc=glibc
  languageName: node
  linkType: hard

"@unrs/resolver-binding-linux-riscv64-gnu@npm:1.11.1":
  version: 1.11.1
  resolution: "@unrs/resolver-binding-linux-riscv64-gnu@npm:1.11.1"
  conditions: os=linux & cpu=riscv64 & libc=glibc
  languageName: node
  linkType: hard

"@unrs/resolver-binding-linux-riscv64-musl@npm:1.11.1":
  version: 1.11.1
  resolution: "@unrs/resolver-binding-linux-riscv64-musl@npm:1.11.1"
  conditions: os=linux & cpu=riscv64 & libc=musl
  languageName: node
  linkType: hard

"@unrs/resolver-binding-linux-s390x-gnu@npm:1.11.1":
  version: 1.11.1
  resolution: "@unrs/resolver-binding-linux-s390x-gnu@npm:1.11.1"
  conditions: os=linux & cpu=s390x & libc=glibc
  languageName: node
  linkType: hard

"@unrs/resolver-binding-linux-x64-gnu@npm:1.11.1":
  version: 1.11.1
  resolution: "@unrs/resolver-binding-linux-x64-gnu@npm:1.11.1"
  conditions: os=linux & cpu=x64 & libc=glibc
  languageName: node
  linkType: hard

"@unrs/resolver-binding-linux-x64-musl@npm:1.11.1":
  version: 1.11.1
  resolution: "@unrs/resolver-binding-linux-x64-musl@npm:1.11.1"
  conditions: os=linux & cpu=x64 & libc=musl
  languageName: node
  linkType: hard

"@unrs/resolver-binding-wasm32-wasi@npm:1.11.1":
  version: 1.11.1
  resolution: "@unrs/resolver-binding-wasm32-wasi@npm:1.11.1"
  dependencies:
    "@napi-rs/wasm-runtime": "npm:^0.2.11"
  conditions: cpu=wasm32
  languageName: node
  linkType: hard

"@unrs/resolver-binding-win32-arm64-msvc@npm:1.11.1":
  version: 1.11.1
  resolution: "@unrs/resolver-binding-win32-arm64-msvc@npm:1.11.1"
  conditions: os=win32 & cpu=arm64
  languageName: node
  linkType: hard

"@unrs/resolver-binding-win32-ia32-msvc@npm:1.11.1":
  version: 1.11.1
  resolution: "@unrs/resolver-binding-win32-ia32-msvc@npm:1.11.1"
  conditions: os=win32 & cpu=ia32
  languageName: node
  linkType: hard

"@unrs/resolver-binding-win32-x64-msvc@npm:1.11.1":
  version: 1.11.1
  resolution: "@unrs/resolver-binding-win32-x64-msvc@npm:1.11.1"
  conditions: os=win32 & cpu=x64
  languageName: node
  linkType: hard

"acorn-jsx@npm:^5.3.2":
  version: 5.3.2
  resolution: "acorn-jsx@npm:5.3.2"
  peerDependencies:
    acorn: ^6.0.0 || ^7.0.0 || ^8.0.0
  checksum: 10c0/4c54868fbef3b8d58927d5e33f0a4de35f59012fe7b12cf9dfbb345fb8f46607709e1c4431be869a23fb63c151033d84c4198fa9f79385cec34fcb1dd53974c1
  languageName: node
  linkType: hard

"acorn@npm:^8.15.0, acorn@npm:^8.16.0":
  version: 8.16.0
  resolution: "acorn@npm:8.16.0"
  bin:
    acorn: bin/acorn
  checksum: 10c0/c9c52697227661b68d0debaf972222d4f622aa06b185824164e153438afa7b08273432ca43ea792cadb24dada1d46f6f6bb1ef8de9956979288cc1b96bf9914e
  languageName: node
  linkType: hard

"ajv@npm:^6.14.0":
  version: 6.14.0
  resolution: "ajv@npm:6.14.0"
  dependencies:
    fast-deep-equal: "npm:^3.1.1"
    fast-json-stable-stringify: "npm:^2.0.0"
    json-schema-traverse: "npm:^0.4.1"
    uri-js: "npm:^4.2.2"
  checksum: 10c0/a2bc39b0555dc9802c899f86990eb8eed6e366cddbf65be43d5aa7e4f3c4e1a199d5460fd7ca4fb3d864000dbbc049253b72faa83b3b30e641ca52cb29a68c22
  languageName: node
  linkType: hard

"balanced-match@npm:^4.0.2":
  version: 4.0.4
  resolution: "balanced-match@npm:4.0.4"
  checksum: 10c0/07e86102a3eb2ee2a6a1a89164f29d0dbaebd28f2ca3f5ca786f36b8b23d9e417eb3be45a4acf754f837be5ac0a2317de90d3fcb7f4f4dc95720a1f36b26a17b
  languageName: node
  linkType: hard

"baseline-browser-mapping@npm:^2.9.0":
  version: 2.10.0
  resolution: "baseline-browser-mapping@npm:2.10.0"
  bin:
    baseline-browser-mapping: dist/cli.cjs
  checksum: 10c0/da9c3ec0fcd7f325226a47d2142794d41706b6e0a405718a2c15410bbdb72aacadd65738bedef558c6f1b106ed19458cb25b06f63b66df2c284799905dbbd003
  languageName: node
  linkType: hard

"brace-expansion@npm:^5.0.2":
  version: 5.0.4
  resolution: "brace-expansion@npm:5.0.4"
  dependencies:
    balanced-match: "npm:^4.0.2"
  checksum: 10c0/359cbcfa80b2eb914ca1f3440e92313fbfe7919ee6b274c35db55bec555aded69dac5ee78f102cec90c35f98c20fa43d10936d0cd9978158823c249257e1643a
  languageName: node
  linkType: hard

"browserslist@npm:^4.28.1":
  version: 4.28.1
  resolution: "browserslist@npm:4.28.1"
  dependencies:
    baseline-browser-mapping: "npm:^2.9.0"
    caniuse-lite: "npm:^1.0.30001759"
    electron-to-chromium: "npm:^1.5.263"
    node-releases: "npm:^2.0.27"
    update-browserslist-db: "npm:^1.2.0"
  bin:
    browserslist: cli.js
  checksum: 10c0/545a5fa9d7234e3777a7177ec1e9134bb2ba60a69e6b95683f6982b1473aad347c77c1264ccf2ac5dea609a9731fbfbda6b85782bdca70f80f86e28a402504bd
  languageName: node
  linkType: hard

"builtin-modules@npm:^5.0.0":
  version: 5.0.0
  resolution: "builtin-modules@npm:5.0.0"
  checksum: 10c0/bee8e74d1b949133c66a30b2e7982b3bdfe70d09f72bc4425ac9811d01d6f2f11abbe66c47aa9c977800a255155cac5a8068e0714cd2dc31867762fb309fd065
  languageName: node
  linkType: hard

"caniuse-lite@npm:^1.0.30001759":
  version: 1.0.30001777
  resolution: "caniuse-lite@npm:1.0.30001777"
  checksum: 10c0/e35443fa7c470edc06e315297cca706790840e96983fff12dfe502a4b123d6e4a64b9b4e8e35fb2f5bb60c31b24fbda93d76b2f700ce183df474671236fa7a4a
  languageName: node
  linkType: hard

"change-case@npm:^5.4.4":
  version: 5.4.4
  resolution: "change-case@npm:5.4.4"
  checksum: 10c0/2a9c2b9c9ad6ab2491105aaf506db1a9acaf543a18967798dcce20926c6a173aa63266cb6189f3086e3c14bf7ae1f8ea4f96ecc466fcd582310efa00372f3734
  languageName: node
  linkType: hard

"ci-info@npm:^4.3.1":
  version: 4.4.0
  resolution: "ci-info@npm:4.4.0"
  checksum: 10c0/44156201545b8dde01aa8a09ee2fe9fc7a73b1bef9adbd4606c9f61c8caeeb73fb7a575c88b0443f7b4edb5ee45debaa59ed54ba5f99698339393ca01349eb3a
  languageName: node
  linkType: hard

"clean-regexp@npm:^1.0.0":
  version: 1.0.0
  resolution: "clean-regexp@npm:1.0.0"
  dependencies:
    escape-string-regexp: "npm:^1.0.5"
  checksum: 10c0/fd9c7446551b8fc536f95e8a286d431017cd4ba1ec2e53997ec9159385e9c317672f6dfc4d49fdb97449fdb53b0bacd0a8bab9343b8fdd2e46c7ddf6173d0db7
  languageName: node
  linkType: hard

"comment-parser@npm:^1.4.1":
  version: 1.4.5
  resolution: "comment-parser@npm:1.4.5"
  checksum: 10c0/6a6a74697c79927e3bd42bde9608a471f1a9d4995affbc22fa3364cc42b4017f82ef477431a1558b0b6bef959f9bb6964c01c1bbfc06a58ba1730dec9c423b44
  languageName: node
  linkType: hard

"core-js-compat@npm:^3.46.0":
  version: 3.48.0
  resolution: "core-js-compat@npm:3.48.0"
  dependencies:
    browserslist: "npm:^4.28.1"
  checksum: 10c0/7bb6522127928fff5d56c7050f379a034de85fe2d5c6e6925308090d4b51fb0cb88e0db99619c932ee84d8756d531bf851232948fe1ad18598cb1e7278e8db13
  languageName: node
  linkType: hard

"cross-spawn@npm:^7.0.6":
  version: 7.0.6
  resolution: "cross-spawn@npm:7.0.6"
  dependencies:
    path-key: "npm:^3.1.0"
    shebang-command: "npm:^2.0.0"
    which: "npm:^2.0.1"
  checksum: 10c0/053ea8b2135caff68a9e81470e845613e374e7309a47731e81639de3eaeb90c3d01af0e0b44d2ab9d50b43467223b88567dfeb3262db942dc063b9976718ffc1
  languageName: node
  linkType: hard

"debug@npm:^4.3.1, debug@npm:^4.3.2, debug@npm:^4.4.1":
  version: 4.4.3
  resolution: "debug@npm:4.4.3"
  dependencies:
    ms: "npm:^2.1.3"
  peerDependenciesMeta:
    supports-color:
      optional: true
  checksum: 10c0/d79136ec6c83ecbefd0f6a5593da6a9c91ec4d7ddc4b54c883d6e71ec9accb5f67a1a5e96d00a328196b5b5c86d365e98d8a3a70856aaf16b4e7b1985e67f5a6
  languageName: node
  linkType: hard

"deep-is@npm:^0.1.3":
  version: 0.1.4
  resolution: "deep-is@npm:0.1.4"
  checksum: 10c0/7f0ee496e0dff14a573dc6127f14c95061b448b87b995fc96c017ce0a1e66af1675e73f1d6064407975bc4ea6ab679497a29fff7b5b9c4e99cb10797c1ad0b4c
  languageName: node
  linkType: hard

"electron-to-chromium@npm:^1.5.263":
  version: 1.5.307
  resolution: "electron-to-chromium@npm:1.5.307"
  checksum: 10c0/eb773a28af0dd7b3717b9bc2b31f332bcb42b43019866e039276db75c8c14063f96e29d19bea47231b4335a319d8518997b2d577dec6b5b237b768c7afdc5588
  languageName: node
  linkType: hard

"enhanced-resolve@npm:^5.17.1":
  version: 5.20.0
  resolution: "enhanced-resolve@npm:5.20.0"
  dependencies:
    graceful-fs: "npm:^4.2.4"
    tapable: "npm:^2.3.0"
  checksum: 10c0/4ed5f38406fc9ad74c58a3d63b8215862243ab0ed6b0efc51ccdb72cdcedd3ac8638abe298680b279d7a83c3cb140e5eea7a5f8bd99696c74588f07ad89a95a7
  languageName: node
  linkType: hard

"escalade@npm:^3.2.0":
  version: 3.2.0
  resolution: "escalade@npm:3.2.0"
  checksum: 10c0/ced4dd3a78e15897ed3be74e635110bbf3b08877b0a41be50dcb325ee0e0b5f65fc2d50e9845194d7c4633f327e2e1c6cce00a71b617c5673df0374201d67f65
  languageName: node
  linkType: hard

"escape-string-regexp@npm:^1.0.5":
  version: 1.0.5
  resolution: "escape-string-regexp@npm:1.0.5"
  checksum: 10c0/a968ad453dd0c2724e14a4f20e177aaf32bb384ab41b674a8454afe9a41c5e6fe8903323e0a1052f56289d04bd600f81278edf140b0fcc02f5cac98d0f5b5371
  languageName: node
  linkType: hard

"escape-string-regexp@npm:^4.0.0":
  version: 4.0.0
  resolution: "escape-string-regexp@npm:4.0.0"
  checksum: 10c0/9497d4dd307d845bd7f75180d8188bb17ea8c151c1edbf6b6717c100e104d629dc2dfb687686181b0f4b7d732c7dfdc4d5e7a8ff72de1b0ca283a75bbb3a9cd9
  languageName: node
  linkType: hard

"eslint-compat-utils@npm:^0.5.1":
  version: 0.5.1
  resolution: "eslint-compat-utils@npm:0.5.1"
  dependencies:
    semver: "npm:^7.5.4"
  peerDependencies:
    eslint: ">=6.0.0"
  checksum: 10c0/325e815205fab70ebcd379f6d4b5d44c7d791bb8dfe0c9888233f30ebabd9418422595b53a781b946c768d9244d858540e5e6129a6b3dd6d606f467d599edc6c
  languageName: node
  linkType: hard

"eslint-import-context@npm:^0.1.9":
  version: 0.1.9
  resolution: "eslint-import-context@npm:0.1.9"
  dependencies:
    get-tsconfig: "npm:^4.10.1"
    stable-hash-x: "npm:^0.2.0"
  peerDependencies:
    unrs-resolver: ^1.0.0
  peerDependenciesMeta:
    unrs-resolver:
      optional: true
  checksum: 10c0/07851103443b70af681c5988e2702e681ff9b956e055e11d4bd9b2322847fa0d9e8da50c18fc7cb1165106b043f34fbd0384d7011c239465c4645c52132e56f3
  languageName: node
  linkType: hard

"eslint-plugin-es-x@npm:^7.8.0":
  version: 7.8.0
  resolution: "eslint-plugin-es-x@npm:7.8.0"
  dependencies:
    "@eslint-community/eslint-utils": "npm:^4.1.2"
    "@eslint-community/regexpp": "npm:^4.11.0"
    eslint-compat-utils: "npm:^0.5.1"
  peerDependencies:
    eslint: ">=8"
  checksum: 10c0/002fda8c029bc5da41e24e7ac11654062831d675fc4f5f20d0de460e24bf1e05cd559000678ef3e46c48641190f4fc07ae3d57aa5e8b085ef5f67e5f63742614
  languageName: node
  linkType: hard

"eslint-plugin-import-x@npm:^4.12.2":
  version: 4.16.2
  resolution: "eslint-plugin-import-x@npm:4.16.2"
  dependencies:
    "@package-json/types": "npm:^0.0.12"
    "@typescript-eslint/types": "npm:^8.56.0"
    comment-parser: "npm:^1.4.1"
    debug: "npm:^4.4.1"
    eslint-import-context: "npm:^0.1.9"
    is-glob: "npm:^4.0.3"
    minimatch: "npm:^9.0.3 || ^10.1.2"
    semver: "npm:^7.7.2"
    stable-hash-x: "npm:^0.2.0"
    unrs-resolver: "npm:^1.9.2"
  peerDependencies:
    "@typescript-eslint/utils": ^8.56.0
    eslint: ^8.57.0 || ^9.0.0 || ^10.0.0
    eslint-import-resolver-node: "*"
  peerDependenciesMeta:
    "@typescript-eslint/utils":
      optional: true
    eslint-import-resolver-node:
      optional: true
  checksum: 10c0/b51b814323a6005c5230fccdffef9a8adc3691ad7a475de6ba635f5ef776fc1f5d1a1c7e65e2c98c6033155cc7e8f8b9f2f507fe31fc038972d535355673e83e
  languageName: node
  linkType: hard

"eslint-plugin-n@npm:^17.24.0":
  version: 17.24.0
  resolution: "eslint-plugin-n@npm:17.24.0"
  dependencies:
    "@eslint-community/eslint-utils": "npm:^4.5.0"
    enhanced-resolve: "npm:^5.17.1"
    eslint-plugin-es-x: "npm:^7.8.0"
    get-tsconfig: "npm:^4.8.1"
    globals: "npm:^15.11.0"
    globrex: "npm:^0.1.2"
    ignore: "npm:^5.3.2"
    semver: "npm:^7.6.3"
    ts-declaration-location: "npm:^1.0.6"
  peerDependencies:
    eslint: ">=8.23.0"
  checksum: 10c0/65b6c9ccd4d69296df9bdc0517bdbbc71e5f1ec065e80623c49148ff7813829bd3568154a016fefc06749476f3fdadc0e1afa61a15695893a3ca3da161c9fe86
  languageName: node
  linkType: hard

"eslint-plugin-unicorn@npm:^63.0.0":
  version: 63.0.0
  resolution: "eslint-plugin-unicorn@npm:63.0.0"
  dependencies:
    "@babel/helper-validator-identifier": "npm:^7.28.5"
    "@eslint-community/eslint-utils": "npm:^4.9.0"
    change-case: "npm:^5.4.4"
    ci-info: "npm:^4.3.1"
    clean-regexp: "npm:^1.0.0"
    core-js-compat: "npm:^3.46.0"
    find-up-simple: "npm:^1.0.1"
    globals: "npm:^16.4.0"
    indent-string: "npm:^5.0.0"
    is-builtin-module: "npm:^5.0.0"
    jsesc: "npm:^3.1.0"
    pluralize: "npm:^8.0.0"
    regexp-tree: "npm:^0.1.27"
    regjsparser: "npm:^0.13.0"
    semver: "npm:^7.7.3"
    strip-indent: "npm:^4.1.1"
  peerDependencies:
    eslint: ">=9.38.0"
  checksum: 10c0/bc3550322a2b008ea9252e1a94a4f12a6c96c4387be563a5d62b879078cbe6b01c957843d31ec7d09fd8d8cf287ac00f8b93666721ff916b0166d4e82c80926c
  languageName: node
  linkType: hard

"eslint-scope@npm:^9.1.2":
  version: 9.1.2
  resolution: "eslint-scope@npm:9.1.2"
  dependencies:
    "@types/esrecurse": "npm:^4.3.1"
    "@types/estree": "npm:^1.0.8"
    esrecurse: "npm:^4.3.0"
    estraverse: "npm:^5.2.0"
  checksum: 10c0/9fb8bca5a73e5741efb6cec84467027b6cb6f4203ff9b43a938e272c5cd30800bde46a5c20dfd1609f840225f0b62b7673be391b20acadf8658ca9fa4729b3dd
  languageName: node
  linkType: hard

"eslint-visitor-keys@npm:^3.4.3":
  version: 3.4.3
  resolution: "eslint-visitor-keys@npm:3.4.3"
  checksum: 10c0/92708e882c0a5ffd88c23c0b404ac1628cf20104a108c745f240a13c332a11aac54f49a22d5762efbffc18ecbc9a580d1b7ad034bf5f3cc3307e5cbff2ec9820
  languageName: node
  linkType: hard

"eslint-visitor-keys@npm:^4.2.1":
  version: 4.2.1
  resolution: "eslint-visitor-keys@npm:4.2.1"
  checksum: 10c0/fcd43999199d6740db26c58dbe0c2594623e31ca307e616ac05153c9272f12f1364f5a0b1917a8e962268fdecc6f3622c1c2908b4fcc2e047a106fe6de69dc43
  languageName: node
  linkType: hard

"eslint-visitor-keys@npm:^5.0.1":
  version: 5.0.1
  resolution: "eslint-visitor-keys@npm:5.0.1"
  checksum: 10c0/16190bdf2cbae40a1109384c94450c526a79b0b9c3cb21e544256ed85ac48a4b84db66b74a6561d20fe6ab77447f150d711c2ad5ad74df4fcc133736bce99678
  languageName: node
  linkType: hard

"eslint@npm:^10.0.2":
  version: 10.0.3
  resolution: "eslint@npm:10.0.3"
  dependencies:
    "@eslint-community/eslint-utils": "npm:^4.8.0"
    "@eslint-community/regexpp": "npm:^4.12.2"
    "@eslint/config-array": "npm:^0.23.3"
    "@eslint/config-helpers": "npm:^0.5.2"
    "@eslint/core": "npm:^1.1.1"
    "@eslint/plugin-kit": "npm:^0.6.1"
    "@humanfs/node": "npm:^0.16.6"
    "@humanwhocodes/module-importer": "npm:^1.0.1"
    "@humanwhocodes/retry": "npm:^0.4.2"
    "@types/estree": "npm:^1.0.6"
    ajv: "npm:^6.14.0"
    cross-spawn: "npm:^7.0.6"
    debug: "npm:^4.3.2"
    escape-string-regexp: "npm:^4.0.0"
    eslint-scope: "npm:^9.1.2"
    eslint-visitor-keys: "npm:^5.0.1"
    espree: "npm:^11.1.1"
    esquery: "npm:^1.7.0"
    esutils: "npm:^2.0.2"
    fast-deep-equal: "npm:^3.1.3"
    file-entry-cache: "npm:^8.0.0"
    find-up: "npm:^5.0.0"
    glob-parent: "npm:^6.0.2"
    ignore: "npm:^5.2.0"
    imurmurhash: "npm:^0.1.4"
    is-glob: "npm:^4.0.0"
    json-stable-stringify-without-jsonify: "npm:^1.0.1"
    minimatch: "npm:^10.2.4"
    natural-compare: "npm:^1.4.0"
    optionator: "npm:^0.9.3"
  peerDependencies:
    jiti: "*"
  peerDependenciesMeta:
    jiti:
      optional: true
  bin:
    eslint: bin/eslint.js
  checksum: 10c0/fbbb4d99cb6af5c30b163b7898241dbac1cd1cee0e6746d5732a95e3b1e68b5bea0bc27cb78e8440a39cf4cc98c7f52cf5ed8d7c2bbdf2232662476d113c41fc
  languageName: node
  linkType: hard

"espree@npm:^10.4.0":
  version: 10.4.0
  resolution: "espree@npm:10.4.0"
  dependencies:
    acorn: "npm:^8.15.0"
    acorn-jsx: "npm:^5.3.2"
    eslint-visitor-keys: "npm:^4.2.1"
  checksum: 10c0/c63fe06131c26c8157b4083313cb02a9a54720a08e21543300e55288c40e06c3fc284bdecf108d3a1372c5934a0a88644c98714f38b6ae8ed272b40d9ea08d6b
  languageName: node
  linkType: hard

"espree@npm:^11.1.1":
  version: 11.2.0
  resolution: "espree@npm:11.2.0"
  dependencies:
    acorn: "npm:^8.16.0"
    acorn-jsx: "npm:^5.3.2"
    eslint-visitor-keys: "npm:^5.0.1"
  checksum: 10c0/cf87e18ffd9dc113eb8d16588e7757701bc10c9934a71cce8b89c2611d51672681a918307bd6b19ac3ccd0e7ba1cbccc2f815b36b52fa7e73097b251014c3d81
  languageName: node
  linkType: hard

"esquery@npm:^1.7.0":
  version: 1.7.0
  resolution: "esquery@npm:1.7.0"
  dependencies:
    estraverse: "npm:^5.1.0"
  checksum: 10c0/77d5173db450b66f3bc685d11af4c90cffeedb340f34a39af96d43509a335ce39c894fd79233df32d38f5e4e219fa0f7076f6ec90bae8320170ba082c0db4793
  languageName: node
  linkType: hard

"esrecurse@npm:^4.3.0":
  version: 4.3.0
  resolution: "esrecurse@npm:4.3.0"
  dependencies:
    estraverse: "npm:^5.2.0"
  checksum: 10c0/81a37116d1408ded88ada45b9fb16dbd26fba3aadc369ce50fcaf82a0bac12772ebd7b24cd7b91fc66786bf2c1ac7b5f196bc990a473efff972f5cb338877cf5
  languageName: node
  linkType: hard

"estraverse@npm:^5.1.0, estraverse@npm:^5.2.0, estraverse@npm:^5.3.0":
  version: 5.3.0
  resolution: "estraverse@npm:5.3.0"
  checksum: 10c0/1ff9447b96263dec95d6d67431c5e0771eb9776427421260a3e2f0fdd5d6bd4f8e37a7338f5ad2880c9f143450c9b1e4fc2069060724570a49cf9cf0312bd107
  languageName: node
  linkType: hard

"esutils@npm:^2.0.2":
  version: 2.0.3
  resolution: "esutils@npm:2.0.3"
  checksum: 10c0/9a2fe69a41bfdade834ba7c42de4723c97ec776e40656919c62cbd13607c45e127a003f05f724a1ea55e5029a4cf2de444b13009f2af71271e42d93a637137c7
  languageName: node
  linkType: hard

"fast-deep-equal@npm:^3.1.1, fast-deep-equal@npm:^3.1.3":
  version: 3.1.3
  resolution: "fast-deep-equal@npm:3.1.3"
  checksum: 10c0/40dedc862eb8992c54579c66d914635afbec43350afbbe991235fdcb4e3a8d5af1b23ae7e79bef7d4882d0ecee06c3197488026998fb19f72dc95acff1d1b1d0
  languageName: node
  linkType: hard

"fast-json-stable-stringify@npm:^2.0.0":
  version: 2.1.0
  resolution: "fast-json-stable-stringify@npm:2.1.0"
  checksum: 10c0/7f081eb0b8a64e0057b3bb03f974b3ef00135fbf36c1c710895cd9300f13c94ba809bb3a81cf4e1b03f6e5285610a61abbd7602d0652de423144dfee5a389c9b
  languageName: node
  linkType: hard

"fast-levenshtein@npm:^2.0.6":
  version: 2.0.6
  resolution: "fast-levenshtein@npm:2.0.6"
  checksum: 10c0/111972b37338bcb88f7d9e2c5907862c280ebf4234433b95bc611e518d192ccb2d38119c4ac86e26b668d75f7f3894f4ff5c4982899afced7ca78633b08287c4
  languageName: node
  linkType: hard

"file-entry-cache@npm:^8.0.0":
  version: 8.0.0
  resolution: "file-entry-cache@npm:8.0.0"
  dependencies:
    flat-cache: "npm:^4.0.0"
  checksum: 10c0/9e2b5938b1cd9b6d7e3612bdc533afd4ac17b2fc646569e9a8abbf2eb48e5eb8e316bc38815a3ef6a1b456f4107f0d0f055a614ca613e75db6bf9ff4d72c1638
  languageName: node
  linkType: hard

"find-up-simple@npm:^1.0.1":
  version: 1.0.1
  resolution: "find-up-simple@npm:1.0.1"
  checksum: 10c0/ad34de157b7db925d50ff78302fefb28e309f3bc947c93ffca0f9b0bccf9cf1a2dc57d805d5c94ec9fc60f4838f5dbdfd2a48ecd77c23015fa44c6dd5f60bc40
  languageName: node
  linkType: hard

"find-up@npm:^5.0.0":
  version: 5.0.0
  resolution: "find-up@npm:5.0.0"
  dependencies:
    locate-path: "npm:^6.0.0"
    path-exists: "npm:^4.0.0"
  checksum: 10c0/062c5a83a9c02f53cdd6d175a37ecf8f87ea5bbff1fdfb828f04bfa021441bc7583e8ebc0872a4c1baab96221fb8a8a275a19809fb93fbc40bd69ec35634069a
  languageName: node
  linkType: hard

"flat-cache@npm:^4.0.0":
  version: 4.0.1
  resolution: "flat-cache@npm:4.0.1"
  dependencies:
    flatted: "npm:^3.2.9"
    keyv: "npm:^4.5.4"
  checksum: 10c0/2c59d93e9faa2523e4fda6b4ada749bed432cfa28c8e251f33b25795e426a1c6dbada777afb1f74fcfff33934fdbdea921ee738fcc33e71adc9d6eca984a1cfc
  languageName: node
  linkType: hard

"flatted@npm:^3.2.9":
  version: 3.4.1
  resolution: "flatted@npm:3.4.1"
  checksum: 10c0/3987a7f1e39bc7215cece001354313b462cdb4fb2dde0df4f7acd9e5016fbae56ee6fb3f0870b2150145033be8bda4f01af6f87a00946049651131bbfca7dfa6
  languageName: node
  linkType: hard

"get-tsconfig@npm:^4.10.1, get-tsconfig@npm:^4.8.1":
  version: 4.13.6
  resolution: "get-tsconfig@npm:4.13.6"
  dependencies:
    resolve-pkg-maps: "npm:^1.0.0"
  checksum: 10c0/bab6937302f542f97217cbe7cbbdfa7e85a56a377bc7a73e69224c1f0b7c9ae8365918e55752ae8648265903f506c1705f63c0de1d4bab1ec2830fef3e539a1a
  languageName: node
  linkType: hard

"glob-parent@npm:^6.0.2":
  version: 6.0.2
  resolution: "glob-parent@npm:6.0.2"
  dependencies:
    is-glob: "npm:^4.0.3"
  checksum: 10c0/317034d88654730230b3f43bb7ad4f7c90257a426e872ea0bf157473ac61c99bf5d205fad8f0185f989be8d2fa6d3c7dce1645d99d545b6ea9089c39f838e7f8
  languageName: node
  linkType: hard

"globals@npm:^15.11.0":
  version: 15.15.0
  resolution: "globals@npm:15.15.0"
  checksum: 10c0/f9ae80996392ca71316495a39bec88ac43ae3525a438b5626cd9d5ce9d5500d0a98a266409605f8cd7241c7acf57c354a48111ea02a767ba4f374b806d6861fe
  languageName: node
  linkType: hard

"globals@npm:^16.4.0":
  version: 16.5.0
  resolution: "globals@npm:16.5.0"
  checksum: 10c0/615241dae7851c8012f5aa0223005b1ed6607713d6813de0741768bd4ddc39353117648f1a7086b4b0fa45eae733f1c0a0fe369aa4e543bb63f8de8990178ea9
  languageName: node
  linkType: hard

"globals@npm:^17.4.0":
  version: 17.4.0
  resolution: "globals@npm:17.4.0"
  checksum: 10c0/2be9e8c2b9035836f13d420b22f0247a328db82967d3bebfc01126d888ed609305f06c05895914e969653af5c6ba35fd7a0920f3e6c869afa60666c810630feb
  languageName: node
  linkType: hard

"globrex@npm:^0.1.2":
  version: 0.1.2
  resolution: "globrex@npm:0.1.2"
  checksum: 10c0/a54c029520cf58bda1d8884f72bd49b4cd74e977883268d931fd83bcbd1a9eb96d57c7dbd4ad80148fb9247467ebfb9b215630b2ed7563b2a8de02e1ff7f89d1
  languageName: node
  linkType: hard

"graceful-fs@npm:^4.2.4":
  version: 4.2.11
  resolution: "graceful-fs@npm:4.2.11"
  checksum: 10c0/386d011a553e02bc594ac2ca0bd6d9e4c22d7fa8cfbfc448a6d148c59ea881b092db9dbe3547ae4b88e55f1b01f7c4a2ecc53b310c042793e63aa44cf6c257f2
  languageName: node
  linkType: hard

"ignore@npm:^5.2.0, ignore@npm:^5.3.2":
  version: 5.3.2
  resolution: "ignore@npm:5.3.2"
  checksum: 10c0/f9f652c957983634ded1e7f02da3b559a0d4cc210fca3792cb67f1b153623c9c42efdc1c4121af171e295444459fc4a9201101fb041b1104a3c000bccb188337
  languageName: node
  linkType: hard

"imurmurhash@npm:^0.1.4":
  version: 0.1.4
  resolution: "imurmurhash@npm:0.1.4"
  checksum: 10c0/8b51313850dd33605c6c9d3fd9638b714f4c4c40250cff658209f30d40da60f78992fb2df5dabee4acf589a6a82bbc79ad5486550754bd9ec4e3fc0d4a57d6a6
  languageName: node
  linkType: hard

"indent-string@npm:^5.0.0":
  version: 5.0.0
  resolution: "indent-string@npm:5.0.0"
  checksum: 10c0/8ee77b57d92e71745e133f6f444d6fa3ed503ad0e1bcd7e80c8da08b42375c07117128d670589725ed07b1978065803fa86318c309ba45415b7fe13e7f170220
  languageName: node
  linkType: hard

"is-builtin-module@npm:^5.0.0":
  version: 5.0.0
  resolution: "is-builtin-module@npm:5.0.0"
  dependencies:
    builtin-modules: "npm:^5.0.0"
  checksum: 10c0/9561cdb92f7548df9403fa501f7d456bc90b9f49b547ce8935c5333b2316ea9ec3cbee3b972f2a98f041a9e2534a27465307fc45155a8ba793d9fdc9b7008aae
  languageName: node
  linkType: hard

"is-extglob@npm:^2.1.1":
  version: 2.1.1
  resolution: "is-extglob@npm:2.1.1"
  checksum: 10c0/5487da35691fbc339700bbb2730430b07777a3c21b9ebaecb3072512dfd7b4ba78ac2381a87e8d78d20ea08affb3f1971b4af629173a6bf435ff8a4c47747912
  languageName: node
  linkType: hard

"is-glob@npm:^4.0.0, is-glob@npm:^4.0.3":
  version: 4.0.3
  resolution: "is-glob@npm:4.0.3"
  dependencies:
    is-extglob: "npm:^2.1.1"
  checksum: 10c0/17fb4014e22be3bbecea9b2e3a76e9e34ff645466be702f1693e8f1ee1adac84710d0be0bd9f967d6354036fd51ab7c2741d954d6e91dae6bb69714de92c197a
  languageName: node
  linkType: hard

"isexe@npm:^2.0.0":
  version: 2.0.0
  resolution: "isexe@npm:2.0.0"
  checksum: 10c0/228cfa503fadc2c31596ab06ed6aa82c9976eec2bfd83397e7eaf06d0ccf42cd1dfd6743bf9aeb01aebd4156d009994c5f76ea898d2832c1fe342da923ca457d
  languageName: node
  linkType: hard

"jsesc@npm:^3.1.0, jsesc@npm:~3.1.0":
  version: 3.1.0
  resolution: "jsesc@npm:3.1.0"
  bin:
    jsesc: bin/jsesc
  checksum: 10c0/531779df5ec94f47e462da26b4cbf05eb88a83d9f08aac2ba04206508fc598527a153d08bd462bae82fc78b3eaa1a908e1a4a79f886e9238641c4cdefaf118b1
  languageName: node
  linkType: hard

"json-buffer@npm:3.0.1":
  version: 3.0.1
  resolution: "json-buffer@npm:3.0.1"
  checksum: 10c0/0d1c91569d9588e7eef2b49b59851f297f3ab93c7b35c7c221e288099322be6b562767d11e4821da500f3219542b9afd2e54c5dc573107c1126ed1080f8e96d7
  languageName: node
  linkType: hard

"json-schema-traverse@npm:^0.4.1":
  version: 0.4.1
  resolution: "json-schema-traverse@npm:0.4.1"
  checksum: 10c0/108fa90d4cc6f08243aedc6da16c408daf81793bf903e9fd5ab21983cda433d5d2da49e40711da016289465ec2e62e0324dcdfbc06275a607fe3233fde4942ce
  languageName: node
  linkType: hard

"json-stable-stringify-without-jsonify@npm:^1.0.1":
  version: 1.0.1
  resolution: "json-stable-stringify-without-jsonify@npm:1.0.1"
  checksum: 10c0/cb168b61fd4de83e58d09aaa6425ef71001bae30d260e2c57e7d09a5fd82223e2f22a042dedaab8db23b7d9ae46854b08bb1f91675a8be11c5cffebef5fb66a5
  languageName: node
  linkType: hard

"keyv@npm:^4.5.4":
  version: 4.5.4
  resolution: "keyv@npm:4.5.4"
  dependencies:
    json-buffer: "npm:3.0.1"
  checksum: 10c0/aa52f3c5e18e16bb6324876bb8b59dd02acf782a4b789c7b2ae21107fab95fab3890ed448d4f8dba80ce05391eeac4bfabb4f02a20221342982f806fa2cf271e
  languageName: node
  linkType: hard

"levn@npm:^0.4.1":
  version: 0.4.1
  resolution: "levn@npm:0.4.1"
  dependencies:
    prelude-ls: "npm:^1.2.1"
    type-check: "npm:~0.4.0"
  checksum: 10c0/effb03cad7c89dfa5bd4f6989364bfc79994c2042ec5966cb9b95990e2edee5cd8969ddf42616a0373ac49fac1403437deaf6e9050fbbaa3546093a59b9ac94e
  languageName: node
  linkType: hard

"locate-path@npm:^6.0.0":
  version: 6.0.0
  resolution: "locate-path@npm:6.0.0"
  dependencies:
    p-locate: "npm:^5.0.0"
  checksum: 10c0/d3972ab70dfe58ce620e64265f90162d247e87159b6126b01314dd67be43d50e96a50b517bce2d9452a79409c7614054c277b5232377de50416564a77ac7aad3
  languageName: node
  linkType: hard

"minimatch@npm:^10.2.4, minimatch@npm:^9.0.3 || ^10.1.2":
  version: 10.2.4
  resolution: "minimatch@npm:10.2.4"
  dependencies:
    brace-expansion: "npm:^5.0.2"
  checksum: 10c0/35f3dfb7b99b51efd46afd378486889f590e7efb10e0f6a10ba6800428cf65c9a8dedb74427d0570b318d749b543dc4e85f06d46d2858bc8cac7e1eb49a95945
  languageName: node
  linkType: hard

"ms@npm:^2.1.3":
  version: 2.1.3
  resolution: "ms@npm:2.1.3"
  checksum: 10c0/d924b57e7312b3b63ad21fc5b3dc0af5e78d61a1fc7cfb5457edaf26326bf62be5307cc87ffb6862ef1c2b33b0233cdb5d4f01c4c958cc0d660948b65a287a48
  languageName: node
  linkType: hard

"napi-postinstall@npm:^0.3.0":
  version: 0.3.4
  resolution: "napi-postinstall@npm:0.3.4"
  bin:
    napi-postinstall: lib/cli.js
  checksum: 10c0/b33d64150828bdade3a5d07368a8b30da22ee393f8dd8432f1b9e5486867be21c84ec443dd875dd3ef3c7401a079a7ab7e2aa9d3538a889abbcd96495d5104fe
  languageName: node
  linkType: hard

"natural-compare@npm:^1.4.0":
  version: 1.4.0
  resolution: "natural-compare@npm:1.4.0"
  checksum: 10c0/f5f9a7974bfb28a91afafa254b197f0f22c684d4a1731763dda960d2c8e375b36c7d690e0d9dc8fba774c537af14a7e979129bca23d88d052fbeb9466955e447
  languageName: node
  linkType: hard

"node-releases@npm:^2.0.27":
  version: 2.0.36
  resolution: "node-releases@npm:2.0.36"
  checksum: 10c0/85d8d7f4b6248c8372831cbcc3829ce634cb2b01dbd85e55705cefc8a9eda4ce8121bd218b9629cf2579aef8a360541bad409f3925a35675c825b9471a49d7e9
  languageName: node
  linkType: hard

"optionator@npm:^0.9.3":
  version: 0.9.4
  resolution: "optionator@npm:0.9.4"
  dependencies:
    deep-is: "npm:^0.1.3"
    fast-levenshtein: "npm:^2.0.6"
    levn: "npm:^0.4.1"
    prelude-ls: "npm:^1.2.1"
    type-check: "npm:^0.4.0"
    word-wrap: "npm:^1.2.5"
  checksum: 10c0/4afb687a059ee65b61df74dfe87d8d6815cd6883cb8b3d5883a910df72d0f5d029821f37025e4bccf4048873dbdb09acc6d303d27b8f76b1a80dd5a7d5334675
  languageName: node
  linkType: hard

"p-limit@npm:^3.0.2":
  version: 3.1.0
  resolution: "p-limit@npm:3.1.0"
  dependencies:
    yocto-queue: "npm:^0.1.0"
  checksum: 10c0/9db675949dbdc9c3763c89e748d0ef8bdad0afbb24d49ceaf4c46c02c77d30db4e0652ed36d0a0a7a95154335fab810d95c86153105bb73b3a90448e2bb14e1a
  languageName: node
  linkType: hard

"p-locate@npm:^5.0.0":
  version: 5.0.0
  resolution: "p-locate@npm:5.0.0"
  dependencies:
    p-limit: "npm:^3.0.2"
  checksum: 10c0/2290d627ab7903b8b70d11d384fee714b797f6040d9278932754a6860845c4d3190603a0772a663c8cb5a7b21d1b16acb3a6487ebcafa9773094edc3dfe6009a
  languageName: node
  linkType: hard

"path-exists@npm:^4.0.0":
  version: 4.0.0
  resolution: "path-exists@npm:4.0.0"
  checksum: 10c0/8c0bd3f5238188197dc78dced15207a4716c51cc4e3624c44fc97acf69558f5ebb9a2afff486fe1b4ee148e0c133e96c5e11a9aa5c48a3006e3467da070e5e1b
  languageName: node
  linkType: hard

"path-key@npm:^3.1.0":
  version: 3.1.1
  resolution: "path-key@npm:3.1.1"
  checksum: 10c0/748c43efd5a569c039d7a00a03b58eecd1d75f3999f5a28303d75f521288df4823bc057d8784eb72358b2895a05f29a070bc9f1f17d28226cc4e62494cc58c4c
  languageName: node
  linkType: hard

"picocolors@npm:^1.1.1":
  version: 1.1.1
  resolution: "picocolors@npm:1.1.1"
  checksum: 10c0/e2e3e8170ab9d7c7421969adaa7e1b31434f789afb9b3f115f6b96d91945041ac3ceb02e9ec6fe6510ff036bcc0bf91e69a1772edc0b707e12b19c0f2d6bcf58
  languageName: node
  linkType: hard

"picomatch@npm:^4.0.2, picomatch@npm:^4.0.3":
  version: 4.0.3
  resolution: "picomatch@npm:4.0.3"
  checksum: 10c0/9582c951e95eebee5434f59e426cddd228a7b97a0161a375aed4be244bd3fe8e3a31b846808ea14ef2c8a2527a6eeab7b3946a67d5979e81694654f939473ae2
  languageName: node
  linkType: hard

"pluralize@npm:^8.0.0":
  version: 8.0.0
  resolution: "pluralize@npm:8.0.0"
  checksum: 10c0/2044cfc34b2e8c88b73379ea4a36fc577db04f651c2909041b054c981cd863dd5373ebd030123ab058d194ae615d3a97cfdac653991e499d10caf592e8b3dc33
  languageName: node
  linkType: hard

"prelude-ls@npm:^1.2.1":
  version: 1.2.1
  resolution: "prelude-ls@npm:1.2.1"
  checksum: 10c0/b00d617431e7886c520a6f498a2e14c75ec58f6d93ba48c3b639cf241b54232d90daa05d83a9e9b9fef6baa63cb7e1e4602c2372fea5bc169668401eb127d0cd
  languageName: node
  linkType: hard

"punycode@npm:^2.1.0":
  version: 2.3.1
  resolution: "punycode@npm:2.3.1"
  checksum: 10c0/14f76a8206bc3464f794fb2e3d3cc665ae416c01893ad7a02b23766eb07159144ee612ad67af5e84fa4479ccfe67678c4feb126b0485651b302babf66f04f9e9
  languageName: node
  linkType: hard

"regexp-tree@npm:^0.1.27":
  version: 0.1.27
  resolution: "regexp-tree@npm:0.1.27"
  bin:
    regexp-tree: bin/regexp-tree
  checksum: 10c0/f636f44b4a0d93d7d6926585ecd81f63e4ce2ac895bc417b2ead0874cd36b337dcc3d0fedc63f69bf5aaeaa4340f36ca7e750c9687cceaf8087374e5284e843c
  languageName: node
  linkType: hard

"regjsparser@npm:^0.13.0":
  version: 0.13.0
  resolution: "regjsparser@npm:0.13.0"
  dependencies:
    jsesc: "npm:~3.1.0"
  bin:
    regjsparser: bin/parser
  checksum: 10c0/4702f85cda09f67747c1b2fb673a0f0e5d1ba39d55f177632265a0be471ba59e3f320623f411649141f752b126b8126eac3ff4c62d317921e430b0472bfc6071
  languageName: node
  linkType: hard

"resolve-pkg-maps@npm:^1.0.0":
  version: 1.0.0
  resolution: "resolve-pkg-maps@npm:1.0.0"
  checksum: 10c0/fb8f7bbe2ca281a73b7ef423a1cbc786fb244bd7a95cbe5c3fba25b27d327150beca8ba02f622baea65919a57e061eb5005204daa5f93ed590d9b77463a567ab
  languageName: node
  linkType: hard

"semver@npm:^7.5.4, semver@npm:^7.6.3, semver@npm:^7.7.2, semver@npm:^7.7.3":
  version: 7.7.4
  resolution: "semver@npm:7.7.4"
  bin:
    semver: bin/semver.js
  checksum: 10c0/5215ad0234e2845d4ea5bb9d836d42b03499546ddafb12075566899fc617f68794bb6f146076b6881d755de17d6c6cc73372555879ec7dce2c2feee947866ad2
  languageName: node
  linkType: hard

"shebang-command@npm:^2.0.0":
  version: 2.0.0
  resolution: "shebang-command@npm:2.0.0"
  dependencies:
    shebang-regex: "npm:^3.0.0"
  checksum: 10c0/a41692e7d89a553ef21d324a5cceb5f686d1f3c040759c50aab69688634688c5c327f26f3ecf7001ebfd78c01f3c7c0a11a7c8bfd0a8bc9f6240d4f40b224e4e
  languageName: node
  linkType: hard

"shebang-regex@npm:^3.0.0":
  version: 3.0.0
  resolution: "shebang-regex@npm:3.0.0"
  checksum: 10c0/1dbed0726dd0e1152a92696c76c7f06084eb32a90f0528d11acd764043aacf76994b2fb30aa1291a21bd019d6699164d048286309a278855ee7bec06cf6fb690
  languageName: node
  linkType: hard

"stable-hash-x@npm:^0.2.0":
  version: 0.2.0
  resolution: "stable-hash-x@npm:0.2.0"
  checksum: 10c0/c757df58366ee4bb266a9486b8932eab7c1ba730469eaf4b68d2dee404814e9f84089c44c9b5205f8c7d99a0ab036cce2af69139ce5ed44b635923c011a8aea8
  languageName: node
  linkType: hard

"strip-indent@npm:^4.1.1":
  version: 4.1.1
  resolution: "strip-indent@npm:4.1.1"
  checksum: 10c0/5b23dd5934be0ef6b6fe1b802887f83e56ad9dcd9f6c3896a637da2c6c3a6da3fdf3e51354a98e6cccb6f1c41863e7b9b9deaa348639dfd35f71f3549edb4dff
  languageName: node
  linkType: hard

"tapable@npm:^2.3.0":
  version: 2.3.0
  resolution: "tapable@npm:2.3.0"
  checksum: 10c0/cb9d67cc2c6a74dedc812ef3085d9d681edd2c1fa18e4aef57a3c0605fdbe44e6b8ea00bd9ef21bc74dd45314e39d31227aa031ebf2f5e38164df514136f2681
  languageName: node
  linkType: hard

"ts-declaration-location@npm:^1.0.6":
  version: 1.0.7
  resolution: "ts-declaration-location@npm:1.0.7"
  dependencies:
    picomatch: "npm:^4.0.2"
  peerDependencies:
    typescript: ">=4.0.0"
  checksum: 10c0/b579b7630907052cc174b051dffdb169424824d887d8fb5abdc61e7ab0eede348c2b71c998727b9e4b314c0436f5003a15bb7eedb1c851afe96e12499f159630
  languageName: node
  linkType: hard

"tslib@npm:^2.4.0":
  version: 2.8.1
  resolution: "tslib@npm:2.8.1"
  checksum: 10c0/9c4759110a19c53f992d9aae23aac5ced636e99887b51b9e61def52611732872ff7668757d4e4c61f19691e36f4da981cd9485e869b4a7408d689f6bf1f14e62
  languageName: node
  linkType: hard

"type-check@npm:^0.4.0, type-check@npm:~0.4.0":
  version: 0.4.0
  resolution: "type-check@npm:0.4.0"
  dependencies:
    prelude-ls: "npm:^1.2.1"
  checksum: 10c0/7b3fd0ed43891e2080bf0c5c504b418fbb3e5c7b9708d3d015037ba2e6323a28152ec163bcb65212741fa5d2022e3075ac3c76440dbd344c9035f818e8ecee58
  languageName: node
  linkType: hard

"unrs-resolver@npm:^1.9.2":
  version: 1.11.1
  resolution: "unrs-resolver@npm:1.11.1"
  dependencies:
    "@unrs/resolver-binding-android-arm-eabi": "npm:1.11.1"
    "@unrs/resolver-binding-android-arm64": "npm:1.11.1"
    "@unrs/resolver-binding-darwin-arm64": "npm:1.11.1"
    "@unrs/resolver-binding-darwin-x64": "npm:1.11.1"
    "@unrs/resolver-binding-freebsd-x64": "npm:1.11.1"
    "@unrs/resolver-binding-linux-arm-gnueabihf": "npm:1.11.1"
    "@unrs/resolver-binding-linux-arm-musleabihf": "npm:1.11.1"
    "@unrs/resolver-binding-linux-arm64-gnu": "npm:1.11.1"
    "@unrs/resolver-binding-linux-arm64-musl": "npm:1.11.1"
    "@unrs/resolver-binding-linux-ppc64-gnu": "npm:1.11.1"
    "@unrs/resolver-binding-linux-riscv64-gnu": "npm:1.11.1"
    "@unrs/resolver-binding-linux-riscv64-musl": "npm:1.11.1"
    "@unrs/resolver-binding-linux-s390x-gnu": "npm:1.11.1"
    "@unrs/resolver-binding-linux-x64-gnu": "npm:1.11.1"
    "@unrs/resolver-binding-linux-x64-musl": "npm:1.11.1"
    "@unrs/resolver-binding-wasm32-wasi": "npm:1.11.1"
    "@unrs/resolver-binding-win32-arm64-msvc": "npm:1.11.1"
    "@unrs/resolver-binding-win32-ia32-msvc": "npm:1.11.1"
    "@unrs/resolver-binding-win32-x64-msvc": "npm:1.11.1"
    napi-postinstall: "npm:^0.3.0"
  dependenciesMeta:
    "@unrs/resolver-binding-android-arm-eabi":
      optional: true
    "@unrs/resolver-binding-android-arm64":
      optional: true
    "@unrs/resolver-binding-darwin-arm64":
      optional: true
    "@unrs/resolver-binding-darwin-x64":
      optional: true
    "@unrs/resolver-binding-freebsd-x64":
      optional: true
    "@unrs/resolver-binding-linux-arm-gnueabihf":
      optional: true
    "@unrs/resolver-binding-linux-arm-musleabihf":
      optional: true
    "@unrs/resolver-binding-linux-arm64-gnu":
      optional: true
    "@unrs/resolver-binding-linux-arm64-musl":
      optional: true
    "@unrs/resolver-binding-linux-ppc64-gnu":
      optional: true
    "@unrs/resolver-binding-linux-riscv64-gnu":
      optional: true
    "@unrs/resolver-binding-linux-riscv64-musl":
      optional: true
    "@unrs/resolver-binding-linux-s390x-gnu":
      optional: true
    "@unrs/resolver-binding-linux-x64-gnu":
      optional: true
    "@unrs/resolver-binding-linux-x64-musl":
      optional: true
    "@unrs/resolver-binding-wasm32-wasi":
      optional: true
    "@unrs/resolver-binding-win32-arm64-msvc":
      optional: true
    "@unrs/resolver-binding-win32-ia32-msvc":
      optional: true
    "@unrs/resolver-binding-win32-x64-msvc":
      optional: true
  checksum: 10c0/c91b112c71a33d6b24e5c708dab43ab80911f2df8ee65b87cd7a18fb5af446708e98c4b415ca262026ad8df326debcc7ca6a801b2935504d87fd6f0b9d70dce1
  languageName: node
  linkType: hard

"update-browserslist-db@npm:^1.2.0":
  version: 1.2.3
  resolution: "update-browserslist-db@npm:1.2.3"
  dependencies:
    escalade: "npm:^3.2.0"
    picocolors: "npm:^1.1.1"
  peerDependencies:
    browserslist: ">= 4.21.0"
  bin:
    update-browserslist-db: cli.js
  checksum: 10c0/13a00355ea822388f68af57410ce3255941d5fb9b7c49342c4709a07c9f230bbef7f7499ae0ca7e0de532e79a82cc0c4edbd125f1a323a1845bf914efddf8bec
  languageName: node
  linkType: hard

"uri-js@npm:^4.2.2":
  version: 4.4.1
  resolution: "uri-js@npm:4.4.1"
  dependencies:
    punycode: "npm:^2.1.0"
  checksum: 10c0/4ef57b45aa820d7ac6496e9208559986c665e49447cb072744c13b66925a362d96dd5a46c4530a6b8e203e5db5fe849369444440cb22ecfc26c679359e5dfa3c
  languageName: node
  linkType: hard

"which@npm:^2.0.1":
  version: 2.0.2
  resolution: "which@npm:2.0.2"
  dependencies:
    isexe: "npm:^2.0.0"
  bin:
    node-which: ./bin/node-which
  checksum: 10c0/66522872a768b60c2a65a57e8ad184e5372f5b6a9ca6d5f033d4b0dc98aff63995655a7503b9c0a2598936f532120e81dd8cc155e2e92ed662a2b9377cc4374f
  languageName: node
  linkType: hard

"word-wrap@npm:^1.2.5":
  version: 1.2.5
  resolution: "word-wrap@npm:1.2.5"
  checksum: 10c0/e0e4a1ca27599c92a6ca4c32260e8a92e8a44f4ef6ef93f803f8ed823f486e0889fc0b93be4db59c8d51b3064951d25e43d434e95dc8c960cc3a63d65d00ba20
  languageName: node
  linkType: hard

"yocto-queue@npm:^0.1.0":
  version: 0.1.0
  resolution: "yocto-queue@npm:0.1.0"
  checksum: 10c0/dceb44c28578b31641e13695d200d34ec4ab3966a5729814d5445b194933c096b7ced71494ce53a0e8820685d1d010df8b2422e5bf2cdea7e469d97ffbea306f
  languageName: node
  linkType: hard
