# THIS IS AN AUTOGENERATED FILE. DO NOT EDIT THIS FILE DIRECTLY.
# yarn lockfile v1


"@datadog/segfaultify@^0.1.1":
  version "0.1.1"
  resolved "https://registry.npmjs.org/@datadog/segfaultify/-/segfaultify-0.1.1.tgz"
  integrity sha512-wYfDBfS9VlsTOF10HkWgu7abTWsoGTFkaHxjiw8V6I2pXbfb+D3KNdjb4H+0jD7vnChs4Jm7Rgetg0j89jrlYw==
  dependencies:
    node-gyp-build "^3.9.0"

node-gyp-build@^3.9.0:
  version "3.9.0"
  resolved "https://registry.npmjs.org/node-gyp-build/-/node-gyp-build-3.9.0.tgz"
  integrity sha512-zLcTg6P4AbcHPq465ZMFNXx7XpKKJh+7kkN699NiQWisR2uWYOWNWqRHAmbnmKiL4e9aLSlmy5U7rEMUXV59+A==
